// !$*UTF8*$!
{
	archiveVersion = 1;
	classes = {
	};
	objectVersion = 51;
	objects = {

/* Begin PBXBuildFile section */
		D5ABD60042DA5A4CD8ED2DDD /* libPods-LPMusicKitDemo.a in Frameworks */ = {isa = PBXBuildFile; fileRef = 2F5ADF98C38B873BDD787636 /* libPods-LPMusicKitDemo.a */; };
		E9138636249B9CDB008764AA /* AppDelegate.m in Sources */ = {isa = PBXBuildFile; fileRef = E9138635249B9CDB008764AA /* AppDelegate.m */; };
		E9138639249B9CDB008764AA /* SceneDelegate.m in Sources */ = {isa = PBXBuildFile; fileRef = E9138638249B9CDB008764AA /* SceneDelegate.m */; };
		E913863C249B9CDB008764AA /* ViewController.m in Sources */ = {isa = PBXBuildFile; fileRef = E913863B249B9CDB008764AA /* ViewController.m */; };
		E913863F249B9CDB008764AA /* Main.storyboard in Resources */ = {isa = PBXBuildFile; fileRef = E913863D249B9CDB008764AA /* Main.storyboard */; };
		E9138641249B9CDC008764AA /* Assets.xcassets in Resources */ = {isa = PBXBuildFile; fileRef = E9138640249B9CDC008764AA /* Assets.xcassets */; };
		E9138644249B9CDC008764AA /* LaunchScreen.storyboard in Resources */ = {isa = PBXBuildFile; fileRef = E9138642249B9CDC008764AA /* LaunchScreen.storyboard */; };
		E9138647249B9CDC008764AA /* main.m in Sources */ = {isa = PBXBuildFile; fileRef = E9138646249B9CDC008764AA /* main.m */; };
		E9138651249B9CDC008764AA /* LPMusicKitDemoTests.m in Sources */ = {isa = PBXBuildFile; fileRef = E9138650249B9CDC008764AA /* LPMusicKitDemoTests.m */; };
		E913865C249B9CDC008764AA /* LPMusicKitDemoUITests.m in Sources */ = {isa = PBXBuildFile; fileRef = E913865B249B9CDC008764AA /* LPMusicKitDemoUITests.m */; };
		E913866F249B9D82008764AA /* NSObject+FBKVOController.m in Sources */ = {isa = PBXBuildFile; fileRef = E913866C249B9D82008764AA /* NSObject+FBKVOController.m */; };
		E9138670249B9D82008764AA /* FBKVOController.m in Sources */ = {isa = PBXBuildFile; fileRef = E913866D249B9D82008764AA /* FBKVOController.m */; };
		E91866DB24AF08A7003039FC /* LPDeviceFunctionViewController.m in Sources */ = {isa = PBXBuildFile; fileRef = E91866D924AF08A7003039FC /* LPDeviceFunctionViewController.m */; };
		E91866DC24AF08A7003039FC /* LPDeviceFunctionViewController.xib in Resources */ = {isa = PBXBuildFile; fileRef = E91866DA24AF08A7003039FC /* LPDeviceFunctionViewController.xib */; };
		E91867BB24AF111D003039FC /* Resource.xcassets in Resources */ = {isa = PBXBuildFile; fileRef = E91867BA24AF111D003039FC /* Resource.xcassets */; };
		E92EA6E824B8995900E0D2FD /* LPPlayViewController.m in Sources */ = {isa = PBXBuildFile; fileRef = E92EA6DE24B8995800E0D2FD /* LPPlayViewController.m */; };
		E92EA6E924B8995900E0D2FD /* LPPlayViewController.xib in Resources */ = {isa = PBXBuildFile; fileRef = E92EA6DF24B8995800E0D2FD /* LPPlayViewController.xib */; };
		E92EA6EA24B8995900E0D2FD /* LPDefaulePlayView.m in Sources */ = {isa = PBXBuildFile; fileRef = E92EA6E324B8995800E0D2FD /* LPDefaulePlayView.m */; };
		E92EA6EB24B8995900E0D2FD /* LPDefaulePlayView.xib in Resources */ = {isa = PBXBuildFile; fileRef = E92EA6E424B8995800E0D2FD /* LPDefaulePlayView.xib */; };
		E92EA6EC24B8995900E0D2FD /* LPDefaultPlayView.bundle in Resources */ = {isa = PBXBuildFile; fileRef = E92EA6E524B8995800E0D2FD /* LPDefaultPlayView.bundle */; };
		E92EA6ED24B8995900E0D2FD /* LPPlayviewDissmissAnimation.m in Sources */ = {isa = PBXBuildFile; fileRef = E92EA6E724B8995900E0D2FD /* LPPlayviewDissmissAnimation.m */; };
		E92EA6F224B89A0700E0D2FD /* LPProgressSlider.m in Sources */ = {isa = PBXBuildFile; fileRef = E92EA6EF24B89A0700E0D2FD /* LPProgressSlider.m */; };
		E92EA6F324B89A0700E0D2FD /* LPVolumeSlider.m in Sources */ = {isa = PBXBuildFile; fileRef = E92EA6F124B89A0700E0D2FD /* LPVolumeSlider.m */; };
		E9869114249C5A6600685772 /* LPDeviceListViewController.m in Sources */ = {isa = PBXBuildFile; fileRef = E9869109249C5A6600685772 /* LPDeviceListViewController.m */; };
		E9869115249C5A6600685772 /* DeviceKVOObject.m in Sources */ = {isa = PBXBuildFile; fileRef = E986910A249C5A6600685772 /* DeviceKVOObject.m */; };
		E9869116249C5A6600685772 /* LPDeviceListTableViewCell.m in Sources */ = {isa = PBXBuildFile; fileRef = E986910B249C5A6600685772 /* LPDeviceListTableViewCell.m */; };
		E9869119249C5A6600685772 /* LPDeviceListViewController.xib in Resources */ = {isa = PBXBuildFile; fileRef = E986910F249C5A6600685772 /* LPDeviceListViewController.xib */; };
		E986911A249C5A6600685772 /* LPDeviceListTableViewCell.xib in Resources */ = {isa = PBXBuildFile; fileRef = E9869112249C5A6600685772 /* LPDeviceListTableViewCell.xib */; };
		E98691C8249C5AA800685772 /* LPMultiroomViewController.m in Sources */ = {isa = PBXBuildFile; fileRef = E986911D249C5AA700685772 /* LPMultiroomViewController.m */; };
		E98691C9249C5AA800685772 /* LPMultiroomViewController.xib in Resources */ = {isa = PBXBuildFile; fileRef = E986911E249C5AA700685772 /* LPMultiroomViewController.xib */; };
		E98691CA249C5AA800685772 /* PresetViewController.xib in Resources */ = {isa = PBXBuildFile; fileRef = E9869122249C5AA700685772 /* PresetViewController.xib */; };
		E98691CB249C5AA800685772 /* PresetViewController.m in Sources */ = {isa = PBXBuildFile; fileRef = E9869123249C5AA700685772 /* PresetViewController.m */; };
		E98691CC249C5AA800685772 /* BasicViewController.m in Sources */ = {isa = PBXBuildFile; fileRef = E9869124249C5AA700685772 /* BasicViewController.m */; };
		E98691CD249C5AA800685772 /* BasicViewController.xib in Resources */ = {isa = PBXBuildFile; fileRef = E9869125249C5AA700685772 /* BasicViewController.xib */; };
		E98691CE249C5AA800685772 /* AlarmSourceObj.m in Sources */ = {isa = PBXBuildFile; fileRef = E9869128249C5AA700685772 /* AlarmSourceObj.m */; };
		E98691CF249C5AA800685772 /* AlarmClockAddViewController.m in Sources */ = {isa = PBXBuildFile; fileRef = E986912A249C5AA700685772 /* AlarmClockAddViewController.m */; };
		E98691D0249C5AA800685772 /* AlarmClockChooseRateViewController.xib in Resources */ = {isa = PBXBuildFile; fileRef = E986912C249C5AA700685772 /* AlarmClockChooseRateViewController.xib */; };
		E98691D1249C5AA800685772 /* AlarmClockMainViewController.xib in Resources */ = {isa = PBXBuildFile; fileRef = E986912D249C5AA700685772 /* AlarmClockMainViewController.xib */; };
		E98691D2249C5AA800685772 /* AlarmClockChooseRateViewController.m in Sources */ = {isa = PBXBuildFile; fileRef = E986912F249C5AA700685772 /* AlarmClockChooseRateViewController.m */; };
		E98691D3249C5AA800685772 /* AlarmClockAddViewController.xib in Resources */ = {isa = PBXBuildFile; fileRef = E9869130249C5AA700685772 /* AlarmClockAddViewController.xib */; };
		E98691D4249C5AA800685772 /* AlarmClockTableViewCell.m in Sources */ = {isa = PBXBuildFile; fileRef = E9869131249C5AA700685772 /* AlarmClockTableViewCell.m */; };
		E98691D5249C5AA800685772 /* AlarmClockMainViewController.m in Sources */ = {isa = PBXBuildFile; fileRef = E9869133249C5AA700685772 /* AlarmClockMainViewController.m */; };
		E98691D6249C5AA800685772 /* AlarmClockMusicViewController.m in Sources */ = {isa = PBXBuildFile; fileRef = E9869137249C5AA700685772 /* AlarmClockMusicViewController.m */; };
		E98691D7249C5AA800685772 /* AlarmClockMusicViewController.xib in Resources */ = {isa = PBXBuildFile; fileRef = E9869138249C5AA700685772 /* AlarmClockMusicViewController.xib */; };
		E98691D8249C5AA800685772 /* GlobalUI.m in Sources */ = {isa = PBXBuildFile; fileRef = E9869139249C5AA700685772 /* GlobalUI.m */; };
		E98691D9249C5AA800685772 /* AlarmClockTableViewCell.xib in Resources */ = {isa = PBXBuildFile; fileRef = E986913A249C5AA700685772 /* AlarmClockTableViewCell.xib */; };
		E98691DA249C5AA800685772 /* LPNASViewController.m in Sources */ = {isa = PBXBuildFile; fileRef = E986913D249C5AA700685772 /* LPNASViewController.m */; };
		E98691DB249C5AA800685772 /* LPNASViewController.xib in Resources */ = {isa = PBXBuildFile; fileRef = E986913F249C5AA700685772 /* LPNASViewController.xib */; };
		E98691DC249C5AA800685772 /* LPUSBViewController.m in Sources */ = {isa = PBXBuildFile; fileRef = E9869141249C5AA700685772 /* LPUSBViewController.m */; };
		E98691DD249C5AA800685772 /* LPUSBViewController.xib in Resources */ = {isa = PBXBuildFile; fileRef = E9869142249C5AA700685772 /* LPUSBViewController.xib */; };
		E98691E3249C5AA800685772 /* LPBLESearchViewController.xib in Resources */ = {isa = PBXBuildFile; fileRef = E986914F249C5AA700685772 /* LPBLESearchViewController.xib */; };
		E98691E4249C5AA800685772 /* LPBLESearchViewController.m in Sources */ = {isa = PBXBuildFile; fileRef = E9869151249C5AA700685772 /* LPBLESearchViewController.m */; };
		E98691E5249C5AA800685772 /* LPGetWiFiListViewController.xib in Resources */ = {isa = PBXBuildFile; fileRef = E9869154249C5AA700685772 /* LPGetWiFiListViewController.xib */; };
		E98691E6249C5AA800685772 /* LPWiFiSetupViewController.xib in Resources */ = {isa = PBXBuildFile; fileRef = E9869155249C5AA700685772 /* LPWiFiSetupViewController.xib */; };
		E98691E7249C5AA800685772 /* LPGetWiFiListViewController.m in Sources */ = {isa = PBXBuildFile; fileRef = E9869156249C5AA700685772 /* LPGetWiFiListViewController.m */; };
		E98691E8249C5AA800685772 /* LPWiFiSetupViewController.m in Sources */ = {isa = PBXBuildFile; fileRef = E9869157249C5AA700685772 /* LPWiFiSetupViewController.m */; };
		E98691E9249C5AA800685772 /* LPUpdateViewController.m in Sources */ = {isa = PBXBuildFile; fileRef = E986915A249C5AA700685772 /* LPUpdateViewController.m */; };
		E98691EA249C5AA800685772 /* LPUpdateViewController.xib in Resources */ = {isa = PBXBuildFile; fileRef = E986915C249C5AA700685772 /* LPUpdateViewController.xib */; };
		E98691EC249C5AA800685772 /* defaultcover@2x.png in Resources */ = {isa = PBXBuildFile; fileRef = E9869162249C5AA700685772 /* defaultcover@2x.png */; };
		E98691ED249C5AA800685772 /* defaultcover@3x.png in Resources */ = {isa = PBXBuildFile; fileRef = E9869163249C5AA700685772 /* defaultcover@3x.png */; };
		E98691EE249C5AA800685772 /* LPPlayerViewController.xib in Resources */ = {isa = PBXBuildFile; fileRef = E9869164249C5AA700685772 /* LPPlayerViewController.xib */; };
		E98691EF249C5AA800685772 /* LPPlayerViewController.m in Sources */ = {isa = PBXBuildFile; fileRef = E9869165249C5AA700685772 /* LPPlayerViewController.m */; };
		E98691F0249C5AA800685772 /* LPAlexaSplashViewController.m in Sources */ = {isa = PBXBuildFile; fileRef = E9869167249C5AA700685772 /* LPAlexaSplashViewController.m */; };
		E98691F1249C5AA800685772 /* LPAlexaLoginViewController.xib in Resources */ = {isa = PBXBuildFile; fileRef = E9869168249C5AA700685772 /* LPAlexaLoginViewController.xib */; };
		E98691F2249C5AA800685772 /* LPAlexaSplashViewController.xib in Resources */ = {isa = PBXBuildFile; fileRef = E986916A249C5AA700685772 /* LPAlexaSplashViewController.xib */; };
		E98691F3249C5AA800685772 /* LPAlexaLoginViewController.m in Sources */ = {isa = PBXBuildFile; fileRef = E986916D249C5AA700685772 /* LPAlexaLoginViewController.m */; };
		E98691F4249C5AA800685772 /* LPAlexaManagerViewController.m in Sources */ = {isa = PBXBuildFile; fileRef = E986916E249C5AA700685772 /* LPAlexaManagerViewController.m */; };
		E98691F5249C5AA800685772 /* LPAlexaManagerViewController.xib in Resources */ = {isa = PBXBuildFile; fileRef = E986916F249C5AA700685772 /* LPAlexaManagerViewController.xib */; };
		E9869232249C621B00685772 /* MJRefreshHeaderView.m in Sources */ = {isa = PBXBuildFile; fileRef = E986922B249C621B00685772 /* MJRefreshHeaderView.m */; };
		E9869233249C621B00685772 /* MJRefresh.bundle in Resources */ = {isa = PBXBuildFile; fileRef = E986922D249C621B00685772 /* MJRefresh.bundle */; };
		E9869234249C621B00685772 /* MJRefreshBaseView.m in Sources */ = {isa = PBXBuildFile; fileRef = E986922E249C621B00685772 /* MJRefreshBaseView.m */; };
		E9869235249C621B00685772 /* MJRefreshFooterView.m in Sources */ = {isa = PBXBuildFile; fileRef = E986922F249C621B00685772 /* MJRefreshFooterView.m */; };
		E9A561E524AC9BB400E1FE46 /* LPLocalMusicViewController.m in Sources */ = {isa = PBXBuildFile; fileRef = E9A561E224AC9BB300E1FE46 /* LPLocalMusicViewController.m */; };
		E9A561E624AC9BB400E1FE46 /* LPLocalMusicViewController.xib in Resources */ = {isa = PBXBuildFile; fileRef = E9A561E324AC9BB300E1FE46 /* LPLocalMusicViewController.xib */; };
		E9A561E724AC9BB400E1FE46 /* song@2x.png in Resources */ = {isa = PBXBuildFile; fileRef = E9A561E424AC9BB300E1FE46 /* song@2x.png */; };
		E9E61CDE250A024B004C89A0 /* LPDeviceFunctionTableViewCell.xib in Resources */ = {isa = PBXBuildFile; fileRef = E9E61CDC250A024B004C89A0 /* LPDeviceFunctionTableViewCell.xib */; };
		E9E61CDF250A024B004C89A0 /* LPDeviceFunctionTableViewCell.m in Sources */ = {isa = PBXBuildFile; fileRef = E9E61CDD250A024B004C89A0 /* LPDeviceFunctionTableViewCell.m */; };
/* End PBXBuildFile section */

/* Begin PBXContainerItemProxy section */
		E913864D249B9CDC008764AA /* PBXContainerItemProxy */ = {
			isa = PBXContainerItemProxy;
			containerPortal = E9138629249B9CDB008764AA /* Project object */;
			proxyType = 1;
			remoteGlobalIDString = E9138630249B9CDB008764AA;
			remoteInfo = LPMusicKitDemo;
		};
		E9138658249B9CDC008764AA /* PBXContainerItemProxy */ = {
			isa = PBXContainerItemProxy;
			containerPortal = E9138629249B9CDB008764AA /* Project object */;
			proxyType = 1;
			remoteGlobalIDString = E9138630249B9CDB008764AA;
			remoteInfo = LPMusicKitDemo;
		};
/* End PBXContainerItemProxy section */

/* Begin PBXFileReference section */
		2F5ADF98C38B873BDD787636 /* libPods-LPMusicKitDemo.a */ = {isa = PBXFileReference; explicitFileType = archive.ar; includeInIndex = 0; path = "libPods-LPMusicKitDemo.a"; sourceTree = BUILT_PRODUCTS_DIR; };
		5E2301E069EE71F739F6F68C /* Pods-LPMusicKitDemo.debug.xcconfig */ = {isa = PBXFileReference; includeInIndex = 1; lastKnownFileType = text.xcconfig; name = "Pods-LPMusicKitDemo.debug.xcconfig"; path = "Target Support Files/Pods-LPMusicKitDemo/Pods-LPMusicKitDemo.debug.xcconfig"; sourceTree = "<group>"; };
		84EC6FF688242BA6E7AA50AA /* Pods-LPMusicKitDemo.release.xcconfig */ = {isa = PBXFileReference; includeInIndex = 1; lastKnownFileType = text.xcconfig; name = "Pods-LPMusicKitDemo.release.xcconfig"; path = "Target Support Files/Pods-LPMusicKitDemo/Pods-LPMusicKitDemo.release.xcconfig"; sourceTree = "<group>"; };
		E9138631249B9CDB008764AA /* LPMusicKitDemo.app */ = {isa = PBXFileReference; explicitFileType = wrapper.application; includeInIndex = 0; path = LPMusicKitDemo.app; sourceTree = BUILT_PRODUCTS_DIR; };
		E9138634249B9CDB008764AA /* AppDelegate.h */ = {isa = PBXFileReference; lastKnownFileType = sourcecode.c.h; path = AppDelegate.h; sourceTree = "<group>"; };
		E9138635249B9CDB008764AA /* AppDelegate.m */ = {isa = PBXFileReference; lastKnownFileType = sourcecode.c.objc; path = AppDelegate.m; sourceTree = "<group>"; };
		E9138637249B9CDB008764AA /* SceneDelegate.h */ = {isa = PBXFileReference; lastKnownFileType = sourcecode.c.h; path = SceneDelegate.h; sourceTree = "<group>"; };
		E9138638249B9CDB008764AA /* SceneDelegate.m */ = {isa = PBXFileReference; lastKnownFileType = sourcecode.c.objc; path = SceneDelegate.m; sourceTree = "<group>"; };
		E913863A249B9CDB008764AA /* ViewController.h */ = {isa = PBXFileReference; lastKnownFileType = sourcecode.c.h; path = ViewController.h; sourceTree = "<group>"; };
		E913863B249B9CDB008764AA /* ViewController.m */ = {isa = PBXFileReference; lastKnownFileType = sourcecode.c.objc; path = ViewController.m; sourceTree = "<group>"; };
		E913863E249B9CDB008764AA /* Base */ = {isa = PBXFileReference; lastKnownFileType = file.storyboard; name = Base; path = Base.lproj/Main.storyboard; sourceTree = "<group>"; };
		E9138640249B9CDC008764AA /* Assets.xcassets */ = {isa = PBXFileReference; lastKnownFileType = folder.assetcatalog; path = Assets.xcassets; sourceTree = "<group>"; };
		E9138643249B9CDC008764AA /* Base */ = {isa = PBXFileReference; lastKnownFileType = file.storyboard; name = Base; path = Base.lproj/LaunchScreen.storyboard; sourceTree = "<group>"; };
		E9138645249B9CDC008764AA /* Info.plist */ = {isa = PBXFileReference; lastKnownFileType = text.plist.xml; path = Info.plist; sourceTree = "<group>"; };
		E9138646249B9CDC008764AA /* main.m */ = {isa = PBXFileReference; lastKnownFileType = sourcecode.c.objc; path = main.m; sourceTree = "<group>"; };
		E913864C249B9CDC008764AA /* LPMusicKitDemoTests.xctest */ = {isa = PBXFileReference; explicitFileType = wrapper.cfbundle; includeInIndex = 0; path = LPMusicKitDemoTests.xctest; sourceTree = BUILT_PRODUCTS_DIR; };
		E9138650249B9CDC008764AA /* LPMusicKitDemoTests.m */ = {isa = PBXFileReference; lastKnownFileType = sourcecode.c.objc; path = LPMusicKitDemoTests.m; sourceTree = "<group>"; };
		E9138652249B9CDC008764AA /* Info.plist */ = {isa = PBXFileReference; lastKnownFileType = text.plist.xml; path = Info.plist; sourceTree = "<group>"; };
		E9138657249B9CDC008764AA /* LPMusicKitDemoUITests.xctest */ = {isa = PBXFileReference; explicitFileType = wrapper.cfbundle; includeInIndex = 0; path = LPMusicKitDemoUITests.xctest; sourceTree = BUILT_PRODUCTS_DIR; };
		E913865B249B9CDC008764AA /* LPMusicKitDemoUITests.m */ = {isa = PBXFileReference; lastKnownFileType = sourcecode.c.objc; path = LPMusicKitDemoUITests.m; sourceTree = "<group>"; };
		E913865D249B9CDC008764AA /* Info.plist */ = {isa = PBXFileReference; lastKnownFileType = text.plist.xml; path = Info.plist; sourceTree = "<group>"; };
		E913866B249B9D82008764AA /* FBKVOController.h */ = {isa = PBXFileReference; fileEncoding = 4; lastKnownFileType = sourcecode.c.h; path = FBKVOController.h; sourceTree = "<group>"; };
		E913866C249B9D82008764AA /* NSObject+FBKVOController.m */ = {isa = PBXFileReference; fileEncoding = 4; lastKnownFileType = sourcecode.c.objc; path = "NSObject+FBKVOController.m"; sourceTree = "<group>"; };
		E913866D249B9D82008764AA /* FBKVOController.m */ = {isa = PBXFileReference; fileEncoding = 4; lastKnownFileType = sourcecode.c.objc; path = FBKVOController.m; sourceTree = "<group>"; };
		E913866E249B9D82008764AA /* NSObject+FBKVOController.h */ = {isa = PBXFileReference; fileEncoding = 4; lastKnownFileType = sourcecode.c.h; path = "NSObject+FBKVOController.h"; sourceTree = "<group>"; };
		E91866D824AF08A6003039FC /* LPDeviceFunctionViewController.h */ = {isa = PBXFileReference; fileEncoding = 4; lastKnownFileType = sourcecode.c.h; path = LPDeviceFunctionViewController.h; sourceTree = "<group>"; };
		E91866D924AF08A7003039FC /* LPDeviceFunctionViewController.m */ = {isa = PBXFileReference; fileEncoding = 4; lastKnownFileType = sourcecode.c.objc; path = LPDeviceFunctionViewController.m; sourceTree = "<group>"; };
		E91866DA24AF08A7003039FC /* LPDeviceFunctionViewController.xib */ = {isa = PBXFileReference; fileEncoding = 4; lastKnownFileType = file.xib; path = LPDeviceFunctionViewController.xib; sourceTree = "<group>"; };
		E91867BA24AF111D003039FC /* Resource.xcassets */ = {isa = PBXFileReference; lastKnownFileType = folder.assetcatalog; path = Resource.xcassets; sourceTree = "<group>"; };
		E92EA6DC24B898FD00E0D2FD /* LPBasicHeader.h */ = {isa = PBXFileReference; lastKnownFileType = sourcecode.c.h; path = LPBasicHeader.h; sourceTree = "<group>"; };
		E92EA6DE24B8995800E0D2FD /* LPPlayViewController.m */ = {isa = PBXFileReference; fileEncoding = 4; lastKnownFileType = sourcecode.c.objc; path = LPPlayViewController.m; sourceTree = "<group>"; };
		E92EA6DF24B8995800E0D2FD /* LPPlayViewController.xib */ = {isa = PBXFileReference; fileEncoding = 4; lastKnownFileType = file.xib; path = LPPlayViewController.xib; sourceTree = "<group>"; };
		E92EA6E024B8995800E0D2FD /* LPPlayviewDissmissAnimation.h */ = {isa = PBXFileReference; fileEncoding = 4; lastKnownFileType = sourcecode.c.h; path = LPPlayviewDissmissAnimation.h; sourceTree = "<group>"; };
		E92EA6E224B8995800E0D2FD /* LPDefaulePlayView.h */ = {isa = PBXFileReference; fileEncoding = 4; lastKnownFileType = sourcecode.c.h; path = LPDefaulePlayView.h; sourceTree = "<group>"; };
		E92EA6E324B8995800E0D2FD /* LPDefaulePlayView.m */ = {isa = PBXFileReference; fileEncoding = 4; lastKnownFileType = sourcecode.c.objc; path = LPDefaulePlayView.m; sourceTree = "<group>"; };
		E92EA6E424B8995800E0D2FD /* LPDefaulePlayView.xib */ = {isa = PBXFileReference; fileEncoding = 4; lastKnownFileType = file.xib; path = LPDefaulePlayView.xib; sourceTree = "<group>"; };
		E92EA6E524B8995800E0D2FD /* LPDefaultPlayView.bundle */ = {isa = PBXFileReference; lastKnownFileType = "wrapper.plug-in"; path = LPDefaultPlayView.bundle; sourceTree = "<group>"; };
		E92EA6E624B8995800E0D2FD /* LPPlayViewController.h */ = {isa = PBXFileReference; fileEncoding = 4; lastKnownFileType = sourcecode.c.h; path = LPPlayViewController.h; sourceTree = "<group>"; };
		E92EA6E724B8995900E0D2FD /* LPPlayviewDissmissAnimation.m */ = {isa = PBXFileReference; fileEncoding = 4; lastKnownFileType = sourcecode.c.objc; path = LPPlayviewDissmissAnimation.m; sourceTree = "<group>"; };
		E92EA6EE24B89A0700E0D2FD /* LPProgressSlider.h */ = {isa = PBXFileReference; fileEncoding = 4; lastKnownFileType = sourcecode.c.h; path = LPProgressSlider.h; sourceTree = "<group>"; };
		E92EA6EF24B89A0700E0D2FD /* LPProgressSlider.m */ = {isa = PBXFileReference; fileEncoding = 4; lastKnownFileType = sourcecode.c.objc; path = LPProgressSlider.m; sourceTree = "<group>"; };
		E92EA6F024B89A0700E0D2FD /* LPVolumeSlider.h */ = {isa = PBXFileReference; fileEncoding = 4; lastKnownFileType = sourcecode.c.h; path = LPVolumeSlider.h; sourceTree = "<group>"; };
		E92EA6F124B89A0700E0D2FD /* LPVolumeSlider.m */ = {isa = PBXFileReference; fileEncoding = 4; lastKnownFileType = sourcecode.c.objc; path = LPVolumeSlider.m; sourceTree = "<group>"; };
		E9869109249C5A6600685772 /* LPDeviceListViewController.m */ = {isa = PBXFileReference; fileEncoding = 4; lastKnownFileType = sourcecode.c.objc; path = LPDeviceListViewController.m; sourceTree = "<group>"; };
		E986910A249C5A6600685772 /* DeviceKVOObject.m */ = {isa = PBXFileReference; fileEncoding = 4; lastKnownFileType = sourcecode.c.objc; path = DeviceKVOObject.m; sourceTree = "<group>"; };
		E986910B249C5A6600685772 /* LPDeviceListTableViewCell.m */ = {isa = PBXFileReference; fileEncoding = 4; lastKnownFileType = sourcecode.c.objc; path = LPDeviceListTableViewCell.m; sourceTree = "<group>"; };
		E986910E249C5A6600685772 /* LPDeviceListTableViewCell.h */ = {isa = PBXFileReference; fileEncoding = 4; lastKnownFileType = sourcecode.c.h; path = LPDeviceListTableViewCell.h; sourceTree = "<group>"; };
		E986910F249C5A6600685772 /* LPDeviceListViewController.xib */ = {isa = PBXFileReference; fileEncoding = 4; lastKnownFileType = file.xib; path = LPDeviceListViewController.xib; sourceTree = "<group>"; };
		E9869110249C5A6600685772 /* LPDeviceListViewController.h */ = {isa = PBXFileReference; fileEncoding = 4; lastKnownFileType = sourcecode.c.h; path = LPDeviceListViewController.h; sourceTree = "<group>"; };
		E9869111249C5A6600685772 /* DeviceKVOObject.h */ = {isa = PBXFileReference; fileEncoding = 4; lastKnownFileType = sourcecode.c.h; path = DeviceKVOObject.h; sourceTree = "<group>"; };
		E9869112249C5A6600685772 /* LPDeviceListTableViewCell.xib */ = {isa = PBXFileReference; fileEncoding = 4; lastKnownFileType = file.xib; path = LPDeviceListTableViewCell.xib; sourceTree = "<group>"; };
		E986911C249C5AA700685772 /* LPMultiroomViewController.h */ = {isa = PBXFileReference; fileEncoding = 4; lastKnownFileType = sourcecode.c.h; path = LPMultiroomViewController.h; sourceTree = "<group>"; };
		E986911D249C5AA700685772 /* LPMultiroomViewController.m */ = {isa = PBXFileReference; fileEncoding = 4; lastKnownFileType = sourcecode.c.objc; path = LPMultiroomViewController.m; sourceTree = "<group>"; };
		E986911E249C5AA700685772 /* LPMultiroomViewController.xib */ = {isa = PBXFileReference; fileEncoding = 4; lastKnownFileType = file.xib; path = LPMultiroomViewController.xib; sourceTree = "<group>"; };
		E9869121249C5AA700685772 /* PresetViewController.h */ = {isa = PBXFileReference; fileEncoding = 4; lastKnownFileType = sourcecode.c.h; path = PresetViewController.h; sourceTree = "<group>"; };
		E9869122249C5AA700685772 /* PresetViewController.xib */ = {isa = PBXFileReference; fileEncoding = 4; lastKnownFileType = file.xib; path = PresetViewController.xib; sourceTree = "<group>"; };
		E9869123249C5AA700685772 /* PresetViewController.m */ = {isa = PBXFileReference; fileEncoding = 4; lastKnownFileType = sourcecode.c.objc; path = PresetViewController.m; sourceTree = "<group>"; };
		E9869124249C5AA700685772 /* BasicViewController.m */ = {isa = PBXFileReference; fileEncoding = 4; lastKnownFileType = sourcecode.c.objc; path = BasicViewController.m; sourceTree = "<group>"; };
		E9869125249C5AA700685772 /* BasicViewController.xib */ = {isa = PBXFileReference; fileEncoding = 4; lastKnownFileType = file.xib; path = BasicViewController.xib; sourceTree = "<group>"; };
		E9869127249C5AA700685772 /* AlarmClockChooseRateViewController.h */ = {isa = PBXFileReference; fileEncoding = 4; lastKnownFileType = sourcecode.c.h; path = AlarmClockChooseRateViewController.h; sourceTree = "<group>"; };
		E9869128249C5AA700685772 /* AlarmSourceObj.m */ = {isa = PBXFileReference; fileEncoding = 4; lastKnownFileType = sourcecode.c.objc; path = AlarmSourceObj.m; sourceTree = "<group>"; };
		E9869129249C5AA700685772 /* AlarmClockMainViewController.h */ = {isa = PBXFileReference; fileEncoding = 4; lastKnownFileType = sourcecode.c.h; path = AlarmClockMainViewController.h; sourceTree = "<group>"; };
		E986912A249C5AA700685772 /* AlarmClockAddViewController.m */ = {isa = PBXFileReference; fileEncoding = 4; lastKnownFileType = sourcecode.c.objc; path = AlarmClockAddViewController.m; sourceTree = "<group>"; };
		E986912B249C5AA700685772 /* AlarmClockTableViewCell.h */ = {isa = PBXFileReference; fileEncoding = 4; lastKnownFileType = sourcecode.c.h; path = AlarmClockTableViewCell.h; sourceTree = "<group>"; };
		E986912C249C5AA700685772 /* AlarmClockChooseRateViewController.xib */ = {isa = PBXFileReference; fileEncoding = 4; lastKnownFileType = file.xib; path = AlarmClockChooseRateViewController.xib; sourceTree = "<group>"; };
		E986912D249C5AA700685772 /* AlarmClockMainViewController.xib */ = {isa = PBXFileReference; fileEncoding = 4; lastKnownFileType = file.xib; path = AlarmClockMainViewController.xib; sourceTree = "<group>"; };
		E986912E249C5AA700685772 /* AlarmSourceObj.h */ = {isa = PBXFileReference; fileEncoding = 4; lastKnownFileType = sourcecode.c.h; path = AlarmSourceObj.h; sourceTree = "<group>"; };
		E986912F249C5AA700685772 /* AlarmClockChooseRateViewController.m */ = {isa = PBXFileReference; fileEncoding = 4; lastKnownFileType = sourcecode.c.objc; path = AlarmClockChooseRateViewController.m; sourceTree = "<group>"; };
		E9869130249C5AA700685772 /* AlarmClockAddViewController.xib */ = {isa = PBXFileReference; fileEncoding = 4; lastKnownFileType = file.xib; path = AlarmClockAddViewController.xib; sourceTree = "<group>"; };
		E9869131249C5AA700685772 /* AlarmClockTableViewCell.m */ = {isa = PBXFileReference; fileEncoding = 4; lastKnownFileType = sourcecode.c.objc; path = AlarmClockTableViewCell.m; sourceTree = "<group>"; };
		E9869132249C5AA700685772 /* AlarmClockAddViewController.h */ = {isa = PBXFileReference; fileEncoding = 4; lastKnownFileType = sourcecode.c.h; path = AlarmClockAddViewController.h; sourceTree = "<group>"; };
		E9869133249C5AA700685772 /* AlarmClockMainViewController.m */ = {isa = PBXFileReference; fileEncoding = 4; lastKnownFileType = sourcecode.c.objc; path = AlarmClockMainViewController.m; sourceTree = "<group>"; };
		E9869135249C5AA700685772 /* AlarmClockMusicViewController.h */ = {isa = PBXFileReference; fileEncoding = 4; lastKnownFileType = sourcecode.c.h; path = AlarmClockMusicViewController.h; sourceTree = "<group>"; };
		E9869136249C5AA700685772 /* GlobalUI.h */ = {isa = PBXFileReference; fileEncoding = 4; lastKnownFileType = sourcecode.c.h; path = GlobalUI.h; sourceTree = "<group>"; };
		E9869137249C5AA700685772 /* AlarmClockMusicViewController.m */ = {isa = PBXFileReference; fileEncoding = 4; lastKnownFileType = sourcecode.c.objc; path = AlarmClockMusicViewController.m; sourceTree = "<group>"; };
		E9869138249C5AA700685772 /* AlarmClockMusicViewController.xib */ = {isa = PBXFileReference; fileEncoding = 4; lastKnownFileType = file.xib; path = AlarmClockMusicViewController.xib; sourceTree = "<group>"; };
		E9869139249C5AA700685772 /* GlobalUI.m */ = {isa = PBXFileReference; fileEncoding = 4; lastKnownFileType = sourcecode.c.objc; path = GlobalUI.m; sourceTree = "<group>"; };
		E986913A249C5AA700685772 /* AlarmClockTableViewCell.xib */ = {isa = PBXFileReference; fileEncoding = 4; lastKnownFileType = file.xib; path = AlarmClockTableViewCell.xib; sourceTree = "<group>"; };
		E986913B249C5AA700685772 /* BasicViewController.h */ = {isa = PBXFileReference; fileEncoding = 4; lastKnownFileType = sourcecode.c.h; path = BasicViewController.h; sourceTree = "<group>"; };
		E986913D249C5AA700685772 /* LPNASViewController.m */ = {isa = PBXFileReference; fileEncoding = 4; lastKnownFileType = sourcecode.c.objc; path = LPNASViewController.m; sourceTree = "<group>"; };
		E986913E249C5AA700685772 /* LPNASViewController.h */ = {isa = PBXFileReference; fileEncoding = 4; lastKnownFileType = sourcecode.c.h; path = LPNASViewController.h; sourceTree = "<group>"; };
		E986913F249C5AA700685772 /* LPNASViewController.xib */ = {isa = PBXFileReference; fileEncoding = 4; lastKnownFileType = file.xib; path = LPNASViewController.xib; sourceTree = "<group>"; };
		E9869141249C5AA700685772 /* LPUSBViewController.m */ = {isa = PBXFileReference; fileEncoding = 4; lastKnownFileType = sourcecode.c.objc; path = LPUSBViewController.m; sourceTree = "<group>"; };
		E9869142249C5AA700685772 /* LPUSBViewController.xib */ = {isa = PBXFileReference; fileEncoding = 4; lastKnownFileType = file.xib; path = LPUSBViewController.xib; sourceTree = "<group>"; };
		E9869143249C5AA700685772 /* LPUSBViewController.h */ = {isa = PBXFileReference; fileEncoding = 4; lastKnownFileType = sourcecode.c.h; path = LPUSBViewController.h; sourceTree = "<group>"; };
		E986914F249C5AA700685772 /* LPBLESearchViewController.xib */ = {isa = PBXFileReference; fileEncoding = 4; lastKnownFileType = file.xib; path = LPBLESearchViewController.xib; sourceTree = "<group>"; };
		E9869150249C5AA700685772 /* LPBLESearchViewController.h */ = {isa = PBXFileReference; fileEncoding = 4; lastKnownFileType = sourcecode.c.h; path = LPBLESearchViewController.h; sourceTree = "<group>"; };
		E9869151249C5AA700685772 /* LPBLESearchViewController.m */ = {isa = PBXFileReference; fileEncoding = 4; lastKnownFileType = sourcecode.c.objc; path = LPBLESearchViewController.m; sourceTree = "<group>"; };
		E9869153249C5AA700685772 /* LPWiFiSetupViewController.h */ = {isa = PBXFileReference; fileEncoding = 4; lastKnownFileType = sourcecode.c.h; path = LPWiFiSetupViewController.h; sourceTree = "<group>"; };
		E9869154249C5AA700685772 /* LPGetWiFiListViewController.xib */ = {isa = PBXFileReference; fileEncoding = 4; lastKnownFileType = file.xib; path = LPGetWiFiListViewController.xib; sourceTree = "<group>"; };
		E9869155249C5AA700685772 /* LPWiFiSetupViewController.xib */ = {isa = PBXFileReference; fileEncoding = 4; lastKnownFileType = file.xib; path = LPWiFiSetupViewController.xib; sourceTree = "<group>"; };
		E9869156249C5AA700685772 /* LPGetWiFiListViewController.m */ = {isa = PBXFileReference; fileEncoding = 4; lastKnownFileType = sourcecode.c.objc; path = LPGetWiFiListViewController.m; sourceTree = "<group>"; };
		E9869157249C5AA700685772 /* LPWiFiSetupViewController.m */ = {isa = PBXFileReference; fileEncoding = 4; lastKnownFileType = sourcecode.c.objc; path = LPWiFiSetupViewController.m; sourceTree = "<group>"; };
		E9869158249C5AA700685772 /* LPGetWiFiListViewController.h */ = {isa = PBXFileReference; fileEncoding = 4; lastKnownFileType = sourcecode.c.h; path = LPGetWiFiListViewController.h; sourceTree = "<group>"; };
		E986915A249C5AA700685772 /* LPUpdateViewController.m */ = {isa = PBXFileReference; fileEncoding = 4; lastKnownFileType = sourcecode.c.objc; path = LPUpdateViewController.m; sourceTree = "<group>"; };
		E986915B249C5AA700685772 /* LPUpdateViewController.h */ = {isa = PBXFileReference; fileEncoding = 4; lastKnownFileType = sourcecode.c.h; path = LPUpdateViewController.h; sourceTree = "<group>"; };
		E986915C249C5AA700685772 /* LPUpdateViewController.xib */ = {isa = PBXFileReference; fileEncoding = 4; lastKnownFileType = file.xib; path = LPUpdateViewController.xib; sourceTree = "<group>"; };
		E9869161249C5AA700685772 /* LPPlayerViewController.h */ = {isa = PBXFileReference; fileEncoding = 4; lastKnownFileType = sourcecode.c.h; path = LPPlayerViewController.h; sourceTree = "<group>"; };
		E9869162249C5AA700685772 /* defaultcover@2x.png */ = {isa = PBXFileReference; lastKnownFileType = image.png; path = "defaultcover@2x.png"; sourceTree = "<group>"; };
		E9869163249C5AA700685772 /* defaultcover@3x.png */ = {isa = PBXFileReference; lastKnownFileType = image.png; path = "defaultcover@3x.png"; sourceTree = "<group>"; };
		E9869164249C5AA700685772 /* LPPlayerViewController.xib */ = {isa = PBXFileReference; fileEncoding = 4; lastKnownFileType = file.xib; path = LPPlayerViewController.xib; sourceTree = "<group>"; };
		E9869165249C5AA700685772 /* LPPlayerViewController.m */ = {isa = PBXFileReference; fileEncoding = 4; lastKnownFileType = sourcecode.c.objc; path = LPPlayerViewController.m; sourceTree = "<group>"; };
		E9869167249C5AA700685772 /* LPAlexaSplashViewController.m */ = {isa = PBXFileReference; fileEncoding = 4; lastKnownFileType = sourcecode.c.objc; path = LPAlexaSplashViewController.m; sourceTree = "<group>"; };
		E9869168249C5AA700685772 /* LPAlexaLoginViewController.xib */ = {isa = PBXFileReference; fileEncoding = 4; lastKnownFileType = file.xib; path = LPAlexaLoginViewController.xib; sourceTree = "<group>"; };
		E9869169249C5AA700685772 /* LPAlexaLoginViewController.h */ = {isa = PBXFileReference; fileEncoding = 4; lastKnownFileType = sourcecode.c.h; path = LPAlexaLoginViewController.h; sourceTree = "<group>"; };
		E986916A249C5AA700685772 /* LPAlexaSplashViewController.xib */ = {isa = PBXFileReference; fileEncoding = 4; lastKnownFileType = file.xib; path = LPAlexaSplashViewController.xib; sourceTree = "<group>"; };
		E986916B249C5AA700685772 /* LPAlexaManagerViewController.h */ = {isa = PBXFileReference; fileEncoding = 4; lastKnownFileType = sourcecode.c.h; path = LPAlexaManagerViewController.h; sourceTree = "<group>"; };
		E986916C249C5AA700685772 /* LPAlexaSplashViewController.h */ = {isa = PBXFileReference; fileEncoding = 4; lastKnownFileType = sourcecode.c.h; path = LPAlexaSplashViewController.h; sourceTree = "<group>"; };
		E986916D249C5AA700685772 /* LPAlexaLoginViewController.m */ = {isa = PBXFileReference; fileEncoding = 4; lastKnownFileType = sourcecode.c.objc; path = LPAlexaLoginViewController.m; sourceTree = "<group>"; };
		E986916E249C5AA700685772 /* LPAlexaManagerViewController.m */ = {isa = PBXFileReference; fileEncoding = 4; lastKnownFileType = sourcecode.c.objc; path = LPAlexaManagerViewController.m; sourceTree = "<group>"; };
		E986916F249C5AA700685772 /* LPAlexaManagerViewController.xib */ = {isa = PBXFileReference; fileEncoding = 4; lastKnownFileType = file.xib; path = LPAlexaManagerViewController.xib; sourceTree = "<group>"; };
		E9869226249C5C7A00685772 /* LPMusicKitDemo.pch */ = {isa = PBXFileReference; lastKnownFileType = sourcecode.c.h; path = LPMusicKitDemo.pch; sourceTree = "<group>"; };
		E986922A249C621B00685772 /* MJRefreshFooterView.h */ = {isa = PBXFileReference; fileEncoding = 4; lastKnownFileType = sourcecode.c.h; path = MJRefreshFooterView.h; sourceTree = "<group>"; };
		E986922B249C621B00685772 /* MJRefreshHeaderView.m */ = {isa = PBXFileReference; fileEncoding = 4; lastKnownFileType = sourcecode.c.objc; path = MJRefreshHeaderView.m; sourceTree = "<group>"; };
		E986922C249C621B00685772 /* MJRefresh.h */ = {isa = PBXFileReference; fileEncoding = 4; lastKnownFileType = sourcecode.c.h; path = MJRefresh.h; sourceTree = "<group>"; };
		E986922D249C621B00685772 /* MJRefresh.bundle */ = {isa = PBXFileReference; lastKnownFileType = "wrapper.plug-in"; path = MJRefresh.bundle; sourceTree = "<group>"; };
		E986922E249C621B00685772 /* MJRefreshBaseView.m */ = {isa = PBXFileReference; fileEncoding = 4; lastKnownFileType = sourcecode.c.objc; path = MJRefreshBaseView.m; sourceTree = "<group>"; };
		E986922F249C621B00685772 /* MJRefreshFooterView.m */ = {isa = PBXFileReference; fileEncoding = 4; lastKnownFileType = sourcecode.c.objc; path = MJRefreshFooterView.m; sourceTree = "<group>"; };
		E9869230249C621B00685772 /* MJRefreshHeaderView.h */ = {isa = PBXFileReference; fileEncoding = 4; lastKnownFileType = sourcecode.c.h; path = MJRefreshHeaderView.h; sourceTree = "<group>"; };
		E9869231249C621B00685772 /* MJRefreshBaseView.h */ = {isa = PBXFileReference; fileEncoding = 4; lastKnownFileType = sourcecode.c.h; path = MJRefreshBaseView.h; sourceTree = "<group>"; };
		E9A561E124AC9BB300E1FE46 /* LPLocalMusicViewController.h */ = {isa = PBXFileReference; fileEncoding = 4; lastKnownFileType = sourcecode.c.h; path = LPLocalMusicViewController.h; sourceTree = "<group>"; };
		E9A561E224AC9BB300E1FE46 /* LPLocalMusicViewController.m */ = {isa = PBXFileReference; fileEncoding = 4; lastKnownFileType = sourcecode.c.objc; path = LPLocalMusicViewController.m; sourceTree = "<group>"; };
		E9A561E324AC9BB300E1FE46 /* LPLocalMusicViewController.xib */ = {isa = PBXFileReference; fileEncoding = 4; lastKnownFileType = file.xib; path = LPLocalMusicViewController.xib; sourceTree = "<group>"; };
		E9A561E424AC9BB300E1FE46 /* song@2x.png */ = {isa = PBXFileReference; lastKnownFileType = image.png; path = "song@2x.png"; sourceTree = "<group>"; };
		E9E3236124FDEF8100B2FA1D /* LPMusicKitDemo.entitlements */ = {isa = PBXFileReference; lastKnownFileType = text.plist.entitlements; path = LPMusicKitDemo.entitlements; sourceTree = "<group>"; };
		E9E61CDB250A024B004C89A0 /* LPDeviceFunctionTableViewCell.h */ = {isa = PBXFileReference; fileEncoding = 4; lastKnownFileType = sourcecode.c.h; path = LPDeviceFunctionTableViewCell.h; sourceTree = "<group>"; };
		E9E61CDC250A024B004C89A0 /* LPDeviceFunctionTableViewCell.xib */ = {isa = PBXFileReference; fileEncoding = 4; lastKnownFileType = file.xib; path = LPDeviceFunctionTableViewCell.xib; sourceTree = "<group>"; };
		E9E61CDD250A024B004C89A0 /* LPDeviceFunctionTableViewCell.m */ = {isa = PBXFileReference; fileEncoding = 4; lastKnownFileType = sourcecode.c.objc; path = LPDeviceFunctionTableViewCell.m; sourceTree = "<group>"; };
/* End PBXFileReference section */

/* Begin PBXFrameworksBuildPhase section */
		E913862E249B9CDB008764AA /* Frameworks */ = {
			isa = PBXFrameworksBuildPhase;
			buildActionMask = 2147483647;
			files = (
				D5ABD60042DA5A4CD8ED2DDD /* libPods-LPMusicKitDemo.a in Frameworks */,
			);
			runOnlyForDeploymentPostprocessing = 0;
		};
		E9138649249B9CDC008764AA /* Frameworks */ = {
			isa = PBXFrameworksBuildPhase;
			buildActionMask = 2147483647;
			files = (
			);
			runOnlyForDeploymentPostprocessing = 0;
		};
		E9138654249B9CDC008764AA /* Frameworks */ = {
			isa = PBXFrameworksBuildPhase;
			buildActionMask = 2147483647;
			files = (
			);
			runOnlyForDeploymentPostprocessing = 0;
		};
/* End PBXFrameworksBuildPhase section */

/* Begin PBXGroup section */
		6274EB10252B8E9D52BBC377 /* Frameworks */ = {
			isa = PBXGroup;
			children = (
				2F5ADF98C38B873BDD787636 /* libPods-LPMusicKitDemo.a */,
			);
			name = Frameworks;
			sourceTree = "<group>";
		};
		75A6375D95B8D47160E738D3 /* Pods */ = {
			isa = PBXGroup;
			children = (
				5E2301E069EE71F739F6F68C /* Pods-LPMusicKitDemo.debug.xcconfig */,
				84EC6FF688242BA6E7AA50AA /* Pods-LPMusicKitDemo.release.xcconfig */,
			);
			path = Pods;
			sourceTree = "<group>";
		};
		E9138628249B9CDB008764AA = {
			isa = PBXGroup;
			children = (
				E9138633249B9CDB008764AA /* LPMusicKitDemo */,
				E913864F249B9CDC008764AA /* LPMusicKitDemoTests */,
				E913865A249B9CDC008764AA /* LPMusicKitDemoUITests */,
				E9138632249B9CDB008764AA /* Products */,
				75A6375D95B8D47160E738D3 /* Pods */,
				6274EB10252B8E9D52BBC377 /* Frameworks */,
			);
			sourceTree = "<group>";
		};
		E9138632249B9CDB008764AA /* Products */ = {
			isa = PBXGroup;
			children = (
				E9138631249B9CDB008764AA /* LPMusicKitDemo.app */,
				E913864C249B9CDC008764AA /* LPMusicKitDemoTests.xctest */,
				E9138657249B9CDC008764AA /* LPMusicKitDemoUITests.xctest */,
			);
			name = Products;
			sourceTree = "<group>";
		};
		E9138633249B9CDB008764AA /* LPMusicKitDemo */ = {
			isa = PBXGroup;
			children = (
				E9E3236124FDEF8100B2FA1D /* LPMusicKitDemo.entitlements */,
				E9138634249B9CDB008764AA /* AppDelegate.h */,
				E9138635249B9CDB008764AA /* AppDelegate.m */,
				E9138637249B9CDB008764AA /* SceneDelegate.h */,
				E9138638249B9CDB008764AA /* SceneDelegate.m */,
				E913863A249B9CDB008764AA /* ViewController.h */,
				E913863B249B9CDB008764AA /* ViewController.m */,
				E9869111249C5A6600685772 /* DeviceKVOObject.h */,
				E986910A249C5A6600685772 /* DeviceKVOObject.m */,
				E91866D824AF08A6003039FC /* LPDeviceFunctionViewController.h */,
				E91866D924AF08A7003039FC /* LPDeviceFunctionViewController.m */,
				E91866DA24AF08A7003039FC /* LPDeviceFunctionViewController.xib */,
				E9E61CDB250A024B004C89A0 /* LPDeviceFunctionTableViewCell.h */,
				E9E61CDD250A024B004C89A0 /* LPDeviceFunctionTableViewCell.m */,
				E9E61CDC250A024B004C89A0 /* LPDeviceFunctionTableViewCell.xib */,
				E986910E249C5A6600685772 /* LPDeviceListTableViewCell.h */,
				E986910B249C5A6600685772 /* LPDeviceListTableViewCell.m */,
				E9869112249C5A6600685772 /* LPDeviceListTableViewCell.xib */,
				E9869110249C5A6600685772 /* LPDeviceListViewController.h */,
				E9869109249C5A6600685772 /* LPDeviceListViewController.m */,
				E986910F249C5A6600685772 /* LPDeviceListViewController.xib */,
				E92EA6DC24B898FD00E0D2FD /* LPBasicHeader.h */,
				E92EA6D124B897E900E0D2FD /* LPPlayview */,
				E9869144249C5AA700685772 /* LocalMusic */,
				E9869166249C5AA700685772 /* LPAlexa */,
				E986914E249C5AA700685772 /* LPBLE */,
				E986911B249C5AA700685772 /* LPMultiroom */,
				E986913C249C5AA700685772 /* LPNAS */,
				E9869159249C5AA700685772 /* LPOTA */,
				E9869160249C5AA700685772 /* LPPlayer */,
				E9869140249C5AA700685772 /* LPUSB */,
				E9869152249C5AA700685772 /* LPWiFiSetup */,
				E986911F249C5AA700685772 /* Public */,
				E986915D249C5AA700685772 /* Tools */,
				E9138669249B9D82008764AA /* DemoThird */,
				E913863D249B9CDB008764AA /* Main.storyboard */,
				E9138640249B9CDC008764AA /* Assets.xcassets */,
				E91867BA24AF111D003039FC /* Resource.xcassets */,
				E9138642249B9CDC008764AA /* LaunchScreen.storyboard */,
				E9138645249B9CDC008764AA /* Info.plist */,
				E9138646249B9CDC008764AA /* main.m */,
				E9869226249C5C7A00685772 /* LPMusicKitDemo.pch */,
			);
			path = LPMusicKitDemo;
			sourceTree = "<group>";
		};
		E913864F249B9CDC008764AA /* LPMusicKitDemoTests */ = {
			isa = PBXGroup;
			children = (
				E9138650249B9CDC008764AA /* LPMusicKitDemoTests.m */,
				E9138652249B9CDC008764AA /* Info.plist */,
			);
			path = LPMusicKitDemoTests;
			sourceTree = "<group>";
		};
		E913865A249B9CDC008764AA /* LPMusicKitDemoUITests */ = {
			isa = PBXGroup;
			children = (
				E913865B249B9CDC008764AA /* LPMusicKitDemoUITests.m */,
				E913865D249B9CDC008764AA /* Info.plist */,
			);
			path = LPMusicKitDemoUITests;
			sourceTree = "<group>";
		};
		E9138669249B9D82008764AA /* DemoThird */ = {
			isa = PBXGroup;
			children = (
				E9869229249C621B00685772 /* MJRefresh */,
				E913866A249B9D82008764AA /* FBKVOController */,
			);
			path = DemoThird;
			sourceTree = "<group>";
		};
		E913866A249B9D82008764AA /* FBKVOController */ = {
			isa = PBXGroup;
			children = (
				E913866B249B9D82008764AA /* FBKVOController.h */,
				E913866C249B9D82008764AA /* NSObject+FBKVOController.m */,
				E913866D249B9D82008764AA /* FBKVOController.m */,
				E913866E249B9D82008764AA /* NSObject+FBKVOController.h */,
			);
			path = FBKVOController;
			sourceTree = "<group>";
		};
		E92EA6D124B897E900E0D2FD /* LPPlayview */ = {
			isa = PBXGroup;
			children = (
				E92EA6E124B8995800E0D2FD /* DefaultPlayView */,
				E92EA6E524B8995800E0D2FD /* LPDefaultPlayView.bundle */,
				E92EA6E624B8995800E0D2FD /* LPPlayViewController.h */,
				E92EA6DE24B8995800E0D2FD /* LPPlayViewController.m */,
				E92EA6DF24B8995800E0D2FD /* LPPlayViewController.xib */,
				E92EA6E024B8995800E0D2FD /* LPPlayviewDissmissAnimation.h */,
				E92EA6E724B8995900E0D2FD /* LPPlayviewDissmissAnimation.m */,
				E92EA6EE24B89A0700E0D2FD /* LPProgressSlider.h */,
				E92EA6EF24B89A0700E0D2FD /* LPProgressSlider.m */,
				E92EA6F024B89A0700E0D2FD /* LPVolumeSlider.h */,
				E92EA6F124B89A0700E0D2FD /* LPVolumeSlider.m */,
			);
			path = LPPlayview;
			sourceTree = "<group>";
		};
		E92EA6E124B8995800E0D2FD /* DefaultPlayView */ = {
			isa = PBXGroup;
			children = (
				E92EA6E224B8995800E0D2FD /* LPDefaulePlayView.h */,
				E92EA6E324B8995800E0D2FD /* LPDefaulePlayView.m */,
				E92EA6E424B8995800E0D2FD /* LPDefaulePlayView.xib */,
			);
			path = DefaultPlayView;
			sourceTree = "<group>";
		};
		E986911B249C5AA700685772 /* LPMultiroom */ = {
			isa = PBXGroup;
			children = (
				E986911C249C5AA700685772 /* LPMultiroomViewController.h */,
				E986911D249C5AA700685772 /* LPMultiroomViewController.m */,
				E986911E249C5AA700685772 /* LPMultiroomViewController.xib */,
			);
			path = LPMultiroom;
			sourceTree = "<group>";
		};
		E986911F249C5AA700685772 /* Public */ = {
			isa = PBXGroup;
			children = (
				E9869120249C5AA700685772 /* Preset */,
				E9869124249C5AA700685772 /* BasicViewController.m */,
				E9869125249C5AA700685772 /* BasicViewController.xib */,
				E9869126249C5AA700685772 /* Alarm */,
				E986913B249C5AA700685772 /* BasicViewController.h */,
			);
			path = Public;
			sourceTree = "<group>";
		};
		E9869120249C5AA700685772 /* Preset */ = {
			isa = PBXGroup;
			children = (
				E9869121249C5AA700685772 /* PresetViewController.h */,
				E9869122249C5AA700685772 /* PresetViewController.xib */,
				E9869123249C5AA700685772 /* PresetViewController.m */,
			);
			path = Preset;
			sourceTree = "<group>";
		};
		E9869126249C5AA700685772 /* Alarm */ = {
			isa = PBXGroup;
			children = (
				E9869132249C5AA700685772 /* AlarmClockAddViewController.h */,
				E986912A249C5AA700685772 /* AlarmClockAddViewController.m */,
				E9869130249C5AA700685772 /* AlarmClockAddViewController.xib */,
				E9869127249C5AA700685772 /* AlarmClockChooseRateViewController.h */,
				E986912F249C5AA700685772 /* AlarmClockChooseRateViewController.m */,
				E986912C249C5AA700685772 /* AlarmClockChooseRateViewController.xib */,
				E9869129249C5AA700685772 /* AlarmClockMainViewController.h */,
				E9869133249C5AA700685772 /* AlarmClockMainViewController.m */,
				E986912D249C5AA700685772 /* AlarmClockMainViewController.xib */,
				E986912B249C5AA700685772 /* AlarmClockTableViewCell.h */,
				E9869131249C5AA700685772 /* AlarmClockTableViewCell.m */,
				E986913A249C5AA700685772 /* AlarmClockTableViewCell.xib */,
				E9869134249C5AA700685772 /* AlarmMusic */,
				E986912E249C5AA700685772 /* AlarmSourceObj.h */,
				E9869128249C5AA700685772 /* AlarmSourceObj.m */,
			);
			path = Alarm;
			sourceTree = "<group>";
		};
		E9869134249C5AA700685772 /* AlarmMusic */ = {
			isa = PBXGroup;
			children = (
				E9869135249C5AA700685772 /* AlarmClockMusicViewController.h */,
				E9869136249C5AA700685772 /* GlobalUI.h */,
				E9869137249C5AA700685772 /* AlarmClockMusicViewController.m */,
				E9869138249C5AA700685772 /* AlarmClockMusicViewController.xib */,
				E9869139249C5AA700685772 /* GlobalUI.m */,
			);
			path = AlarmMusic;
			sourceTree = "<group>";
		};
		E986913C249C5AA700685772 /* LPNAS */ = {
			isa = PBXGroup;
			children = (
				E986913D249C5AA700685772 /* LPNASViewController.m */,
				E986913E249C5AA700685772 /* LPNASViewController.h */,
				E986913F249C5AA700685772 /* LPNASViewController.xib */,
			);
			path = LPNAS;
			sourceTree = "<group>";
		};
		E9869140249C5AA700685772 /* LPUSB */ = {
			isa = PBXGroup;
			children = (
				E9869141249C5AA700685772 /* LPUSBViewController.m */,
				E9869142249C5AA700685772 /* LPUSBViewController.xib */,
				E9869143249C5AA700685772 /* LPUSBViewController.h */,
			);
			path = LPUSB;
			sourceTree = "<group>";
		};
		E9869144249C5AA700685772 /* LocalMusic */ = {
			isa = PBXGroup;
			children = (
				E9A561E124AC9BB300E1FE46 /* LPLocalMusicViewController.h */,
				E9A561E224AC9BB300E1FE46 /* LPLocalMusicViewController.m */,
				E9A561E324AC9BB300E1FE46 /* LPLocalMusicViewController.xib */,
				E9A561E424AC9BB300E1FE46 /* song@2x.png */,
			);
			path = LocalMusic;
			sourceTree = "<group>";
		};
		E986914E249C5AA700685772 /* LPBLE */ = {
			isa = PBXGroup;
			children = (
				E986914F249C5AA700685772 /* LPBLESearchViewController.xib */,
				E9869150249C5AA700685772 /* LPBLESearchViewController.h */,
				E9869151249C5AA700685772 /* LPBLESearchViewController.m */,
			);
			path = LPBLE;
			sourceTree = "<group>";
		};
		E9869152249C5AA700685772 /* LPWiFiSetup */ = {
			isa = PBXGroup;
			children = (
				E9869158249C5AA700685772 /* LPGetWiFiListViewController.h */,
				E9869156249C5AA700685772 /* LPGetWiFiListViewController.m */,
				E9869154249C5AA700685772 /* LPGetWiFiListViewController.xib */,
				E9869153249C5AA700685772 /* LPWiFiSetupViewController.h */,
				E9869157249C5AA700685772 /* LPWiFiSetupViewController.m */,
				E9869155249C5AA700685772 /* LPWiFiSetupViewController.xib */,
			);
			path = LPWiFiSetup;
			sourceTree = "<group>";
		};
		E9869159249C5AA700685772 /* LPOTA */ = {
			isa = PBXGroup;
			children = (
				E986915A249C5AA700685772 /* LPUpdateViewController.m */,
				E986915B249C5AA700685772 /* LPUpdateViewController.h */,
				E986915C249C5AA700685772 /* LPUpdateViewController.xib */,
			);
			path = LPOTA;
			sourceTree = "<group>";
		};
		E986915D249C5AA700685772 /* Tools */ = {
			isa = PBXGroup;
			children = (
			);
			path = Tools;
			sourceTree = "<group>";
		};
		E9869160249C5AA700685772 /* LPPlayer */ = {
			isa = PBXGroup;
			children = (
				E9869161249C5AA700685772 /* LPPlayerViewController.h */,
				E9869162249C5AA700685772 /* defaultcover@2x.png */,
				E9869163249C5AA700685772 /* defaultcover@3x.png */,
				E9869164249C5AA700685772 /* LPPlayerViewController.xib */,
				E9869165249C5AA700685772 /* LPPlayerViewController.m */,
			);
			path = LPPlayer;
			sourceTree = "<group>";
		};
		E9869166249C5AA700685772 /* LPAlexa */ = {
			isa = PBXGroup;
			children = (
				E9869167249C5AA700685772 /* LPAlexaSplashViewController.m */,
				E9869168249C5AA700685772 /* LPAlexaLoginViewController.xib */,
				E9869169249C5AA700685772 /* LPAlexaLoginViewController.h */,
				E986916A249C5AA700685772 /* LPAlexaSplashViewController.xib */,
				E986916B249C5AA700685772 /* LPAlexaManagerViewController.h */,
				E986916C249C5AA700685772 /* LPAlexaSplashViewController.h */,
				E986916D249C5AA700685772 /* LPAlexaLoginViewController.m */,
				E986916E249C5AA700685772 /* LPAlexaManagerViewController.m */,
				E986916F249C5AA700685772 /* LPAlexaManagerViewController.xib */,
			);
			path = LPAlexa;
			sourceTree = "<group>";
		};
		E9869229249C621B00685772 /* MJRefresh */ = {
			isa = PBXGroup;
			children = (
				E986922A249C621B00685772 /* MJRefreshFooterView.h */,
				E986922B249C621B00685772 /* MJRefreshHeaderView.m */,
				E986922C249C621B00685772 /* MJRefresh.h */,
				E986922D249C621B00685772 /* MJRefresh.bundle */,
				E986922E249C621B00685772 /* MJRefreshBaseView.m */,
				E986922F249C621B00685772 /* MJRefreshFooterView.m */,
				E9869230249C621B00685772 /* MJRefreshHeaderView.h */,
				E9869231249C621B00685772 /* MJRefreshBaseView.h */,
			);
			path = MJRefresh;
			sourceTree = "<group>";
		};
/* End PBXGroup section */

/* Begin PBXNativeTarget section */
		E9138630249B9CDB008764AA /* LPMusicKitDemo */ = {
			isa = PBXNativeTarget;
			buildConfigurationList = E9138660249B9CDC008764AA /* Build configuration list for PBXNativeTarget "LPMusicKitDemo" */;
			buildPhases = (
				CB071DBB319006300C90590C /* [CP] Check Pods Manifest.lock */,
				E913862D249B9CDB008764AA /* Sources */,
				E913862E249B9CDB008764AA /* Frameworks */,
				E913862F249B9CDB008764AA /* Resources */,
				2639666FB4AD4011FBB87419 /* [CP] Copy Pods Resources */,
			);
			buildRules = (
			);
			dependencies = (
			);
			name = LPMusicKitDemo;
			productName = LPMusicKitDemo;
			productReference = E9138631249B9CDB008764AA /* LPMusicKitDemo.app */;
			productType = "com.apple.product-type.application";
		};
		E913864B249B9CDC008764AA /* LPMusicKitDemoTests */ = {
			isa = PBXNativeTarget;
			buildConfigurationList = E9138663249B9CDC008764AA /* Build configuration list for PBXNativeTarget "LPMusicKitDemoTests" */;
			buildPhases = (
				E9138648249B9CDC008764AA /* Sources */,
				E9138649249B9CDC008764AA /* Frameworks */,
				E913864A249B9CDC008764AA /* Resources */,
			);
			buildRules = (
			);
			dependencies = (
				E913864E249B9CDC008764AA /* PBXTargetDependency */,
			);
			name = LPMusicKitDemoTests;
			productName = LPMusicKitDemoTests;
			productReference = E913864C249B9CDC008764AA /* LPMusicKitDemoTests.xctest */;
			productType = "com.apple.product-type.bundle.unit-test";
		};
		E9138656249B9CDC008764AA /* LPMusicKitDemoUITests */ = {
			isa = PBXNativeTarget;
			buildConfigurationList = E9138666249B9CDC008764AA /* Build configuration list for PBXNativeTarget "LPMusicKitDemoUITests" */;
			buildPhases = (
				E9138653249B9CDC008764AA /* Sources */,
				E9138654249B9CDC008764AA /* Frameworks */,
				E9138655249B9CDC008764AA /* Resources */,
			);
			buildRules = (
			);
			dependencies = (
				E9138659249B9CDC008764AA /* PBXTargetDependency */,
			);
			name = LPMusicKitDemoUITests;
			productName = LPMusicKitDemoUITests;
			productReference = E9138657249B9CDC008764AA /* LPMusicKitDemoUITests.xctest */;
			productType = "com.apple.product-type.bundle.ui-testing";
		};
/* End PBXNativeTarget section */

/* Begin PBXProject section */
		E9138629249B9CDB008764AA /* Project object */ = {
			isa = PBXProject;
			attributes = {
				LastUpgradeCheck = 1130;
				ORGANIZATIONNAME = sunyu;
				TargetAttributes = {
					E9138630249B9CDB008764AA = {
						CreatedOnToolsVersion = 11.3;
					};
					E913864B249B9CDC008764AA = {
						CreatedOnToolsVersion = 11.3;
						TestTargetID = E9138630249B9CDB008764AA;
					};
					E9138656249B9CDC008764AA = {
						CreatedOnToolsVersion = 11.3;
						TestTargetID = E9138630249B9CDB008764AA;
					};
				};
			};
			buildConfigurationList = E913862C249B9CDB008764AA /* Build configuration list for PBXProject "LPMusicKitDemo" */;
			compatibilityVersion = "Xcode 9.3";
			developmentRegion = en;
			hasScannedForEncodings = 0;
			knownRegions = (
				en,
				Base,
			);
			mainGroup = E9138628249B9CDB008764AA;
			productRefGroup = E9138632249B9CDB008764AA /* Products */;
			projectDirPath = "";
			projectRoot = "";
			targets = (
				E9138630249B9CDB008764AA /* LPMusicKitDemo */,
				E913864B249B9CDC008764AA /* LPMusicKitDemoTests */,
				E9138656249B9CDC008764AA /* LPMusicKitDemoUITests */,
			);
		};
/* End PBXProject section */

/* Begin PBXResourcesBuildPhase section */
		E913862F249B9CDB008764AA /* Resources */ = {
			isa = PBXResourcesBuildPhase;
			buildActionMask = 2147483647;
			files = (
				E98691ED249C5AA800685772 /* defaultcover@3x.png in Resources */,
				E98691F2249C5AA800685772 /* LPAlexaSplashViewController.xib in Resources */,
				E986911A249C5A6600685772 /* LPDeviceListTableViewCell.xib in Resources */,
				E98691D3249C5AA800685772 /* AlarmClockAddViewController.xib in Resources */,
				E9A561E624AC9BB400E1FE46 /* LPLocalMusicViewController.xib in Resources */,
				E98691DB249C5AA800685772 /* LPNASViewController.xib in Resources */,
				E9138644249B9CDC008764AA /* LaunchScreen.storyboard in Resources */,
				E98691D0249C5AA800685772 /* AlarmClockChooseRateViewController.xib in Resources */,
				E92EA6E924B8995900E0D2FD /* LPPlayViewController.xib in Resources */,
				E92EA6EB24B8995900E0D2FD /* LPDefaulePlayView.xib in Resources */,
				E98691C9249C5AA800685772 /* LPMultiroomViewController.xib in Resources */,
				E98691CA249C5AA800685772 /* PresetViewController.xib in Resources */,
				E9869233249C621B00685772 /* MJRefresh.bundle in Resources */,
				E98691D9249C5AA800685772 /* AlarmClockTableViewCell.xib in Resources */,
				E91866DC24AF08A7003039FC /* LPDeviceFunctionViewController.xib in Resources */,
				E9138641249B9CDC008764AA /* Assets.xcassets in Resources */,
				E98691F1249C5AA800685772 /* LPAlexaLoginViewController.xib in Resources */,
				E913863F249B9CDB008764AA /* Main.storyboard in Resources */,
				E98691EE249C5AA800685772 /* LPPlayerViewController.xib in Resources */,
				E98691D7249C5AA800685772 /* AlarmClockMusicViewController.xib in Resources */,
				E98691D1249C5AA800685772 /* AlarmClockMainViewController.xib in Resources */,
				E98691E6249C5AA800685772 /* LPWiFiSetupViewController.xib in Resources */,
				E98691DD249C5AA800685772 /* LPUSBViewController.xib in Resources */,
				E91867BB24AF111D003039FC /* Resource.xcassets in Resources */,
				E98691E5249C5AA800685772 /* LPGetWiFiListViewController.xib in Resources */,
				E98691F5249C5AA800685772 /* LPAlexaManagerViewController.xib in Resources */,
				E98691EA249C5AA800685772 /* LPUpdateViewController.xib in Resources */,
				E9E61CDE250A024B004C89A0 /* LPDeviceFunctionTableViewCell.xib in Resources */,
				E9A561E724AC9BB400E1FE46 /* song@2x.png in Resources */,
				E98691EC249C5AA800685772 /* defaultcover@2x.png in Resources */,
				E9869119249C5A6600685772 /* LPDeviceListViewController.xib in Resources */,
				E92EA6EC24B8995900E0D2FD /* LPDefaultPlayView.bundle in Resources */,
				E98691E3249C5AA800685772 /* LPBLESearchViewController.xib in Resources */,
				E98691CD249C5AA800685772 /* BasicViewController.xib in Resources */,
			);
			runOnlyForDeploymentPostprocessing = 0;
		};
		E913864A249B9CDC008764AA /* Resources */ = {
			isa = PBXResourcesBuildPhase;
			buildActionMask = 2147483647;
			files = (
			);
			runOnlyForDeploymentPostprocessing = 0;
		};
		E9138655249B9CDC008764AA /* Resources */ = {
			isa = PBXResourcesBuildPhase;
			buildActionMask = 2147483647;
			files = (
			);
			runOnlyForDeploymentPostprocessing = 0;
		};
/* End PBXResourcesBuildPhase section */

/* Begin PBXShellScriptBuildPhase section */
		2639666FB4AD4011FBB87419 /* [CP] Copy Pods Resources */ = {
			isa = PBXShellScriptBuildPhase;
			buildActionMask = 2147483647;
			files = (
			);
			inputFileListPaths = (
				"${PODS_ROOT}/Target Support Files/Pods-LPMusicKitDemo/Pods-LPMusicKitDemo-resources-${CONFIGURATION}-input-files.xcfilelist",
			);
			name = "[CP] Copy Pods Resources";
			outputFileListPaths = (
				"${PODS_ROOT}/Target Support Files/Pods-LPMusicKitDemo/Pods-LPMusicKitDemo-resources-${CONFIGURATION}-output-files.xcfilelist",
			);
			runOnlyForDeploymentPostprocessing = 0;
			shellPath = /bin/sh;
			shellScript = "\"${PODS_ROOT}/Target Support Files/Pods-LPMusicKitDemo/Pods-LPMusicKitDemo-resources.sh\"\n";
			showEnvVarsInLog = 0;
		};
		CB071DBB319006300C90590C /* [CP] Check Pods Manifest.lock */ = {
			isa = PBXShellScriptBuildPhase;
			buildActionMask = 2147483647;
			files = (
			);
			inputFileListPaths = (
			);
			inputPaths = (
				"${PODS_PODFILE_DIR_PATH}/Podfile.lock",
				"${PODS_ROOT}/Manifest.lock",
			);
			name = "[CP] Check Pods Manifest.lock";
			outputFileListPaths = (
			);
			outputPaths = (
				"$(DERIVED_FILE_DIR)/Pods-LPMusicKitDemo-checkManifestLockResult.txt",
			);
			runOnlyForDeploymentPostprocessing = 0;
			shellPath = /bin/sh;
			shellScript = "diff \"${PODS_PODFILE_DIR_PATH}/Podfile.lock\" \"${PODS_ROOT}/Manifest.lock\" > /dev/null\nif [ $? != 0 ] ; then\n    # print error to STDERR\n    echo \"error: The sandbox is not in sync with the Podfile.lock. Run 'pod install' or update your CocoaPods installation.\" >&2\n    exit 1\nfi\n# This output is used by Xcode 'outputs' to avoid re-running this script phase.\necho \"SUCCESS\" > \"${SCRIPT_OUTPUT_FILE_0}\"\n";
			showEnvVarsInLog = 0;
		};
/* End PBXShellScriptBuildPhase section */

/* Begin PBXSourcesBuildPhase section */
		E913862D249B9CDB008764AA /* Sources */ = {
			isa = PBXSourcesBuildPhase;
			buildActionMask = 2147483647;
			files = (
				E98691CE249C5AA800685772 /* AlarmSourceObj.m in Sources */,
				E98691E9249C5AA800685772 /* LPUpdateViewController.m in Sources */,
				E92EA6F224B89A0700E0D2FD /* LPProgressSlider.m in Sources */,
				E913863C249B9CDB008764AA /* ViewController.m in Sources */,
				E913866F249B9D82008764AA /* NSObject+FBKVOController.m in Sources */,
				E98691D6249C5AA800685772 /* AlarmClockMusicViewController.m in Sources */,
				E92EA6E824B8995900E0D2FD /* LPPlayViewController.m in Sources */,
				E98691D2249C5AA800685772 /* AlarmClockChooseRateViewController.m in Sources */,
				E9138636249B9CDB008764AA /* AppDelegate.m in Sources */,
				E98691D5249C5AA800685772 /* AlarmClockMainViewController.m in Sources */,
				E9869234249C621B00685772 /* MJRefreshBaseView.m in Sources */,
				E9138647249B9CDC008764AA /* main.m in Sources */,
				E91866DB24AF08A7003039FC /* LPDeviceFunctionViewController.m in Sources */,
				E98691F4249C5AA800685772 /* LPAlexaManagerViewController.m in Sources */,
				E98691DA249C5AA800685772 /* LPNASViewController.m in Sources */,
				E98691C8249C5AA800685772 /* LPMultiroomViewController.m in Sources */,
				E9138670249B9D82008764AA /* FBKVOController.m in Sources */,
				E98691CC249C5AA800685772 /* BasicViewController.m in Sources */,
				E9869232249C621B00685772 /* MJRefreshHeaderView.m in Sources */,
				E98691CB249C5AA800685772 /* PresetViewController.m in Sources */,
				E98691E4249C5AA800685772 /* LPBLESearchViewController.m in Sources */,
				E98691F0249C5AA800685772 /* LPAlexaSplashViewController.m in Sources */,
				E9869116249C5A6600685772 /* LPDeviceListTableViewCell.m in Sources */,
				E9E61CDF250A024B004C89A0 /* LPDeviceFunctionTableViewCell.m in Sources */,
				E9869115249C5A6600685772 /* DeviceKVOObject.m in Sources */,
				E92EA6ED24B8995900E0D2FD /* LPPlayviewDissmissAnimation.m in Sources */,
				E98691F3249C5AA800685772 /* LPAlexaLoginViewController.m in Sources */,
				E92EA6F324B89A0700E0D2FD /* LPVolumeSlider.m in Sources */,
				E98691EF249C5AA800685772 /* LPPlayerViewController.m in Sources */,
				E9869235249C621B00685772 /* MJRefreshFooterView.m in Sources */,
				E98691CF249C5AA800685772 /* AlarmClockAddViewController.m in Sources */,
				E98691D8249C5AA800685772 /* GlobalUI.m in Sources */,
				E9138639249B9CDB008764AA /* SceneDelegate.m in Sources */,
				E9A561E524AC9BB400E1FE46 /* LPLocalMusicViewController.m in Sources */,
				E98691DC249C5AA800685772 /* LPUSBViewController.m in Sources */,
				E98691D4249C5AA800685772 /* AlarmClockTableViewCell.m in Sources */,
				E98691E7249C5AA800685772 /* LPGetWiFiListViewController.m in Sources */,
				E9869114249C5A6600685772 /* LPDeviceListViewController.m in Sources */,
				E98691E8249C5AA800685772 /* LPWiFiSetupViewController.m in Sources */,
				E92EA6EA24B8995900E0D2FD /* LPDefaulePlayView.m in Sources */,
			);
			runOnlyForDeploymentPostprocessing = 0;
		};
		E9138648249B9CDC008764AA /* Sources */ = {
			isa = PBXSourcesBuildPhase;
			buildActionMask = 2147483647;
			files = (
				E9138651249B9CDC008764AA /* LPMusicKitDemoTests.m in Sources */,
			);
			runOnlyForDeploymentPostprocessing = 0;
		};
		E9138653249B9CDC008764AA /* Sources */ = {
			isa = PBXSourcesBuildPhase;
			buildActionMask = 2147483647;
			files = (
				E913865C249B9CDC008764AA /* LPMusicKitDemoUITests.m in Sources */,
			);
			runOnlyForDeploymentPostprocessing = 0;
		};
/* End PBXSourcesBuildPhase section */

/* Begin PBXTargetDependency section */
		E913864E249B9CDC008764AA /* PBXTargetDependency */ = {
			isa = PBXTargetDependency;
			target = E9138630249B9CDB008764AA /* LPMusicKitDemo */;
			targetProxy = E913864D249B9CDC008764AA /* PBXContainerItemProxy */;
		};
		E9138659249B9CDC008764AA /* PBXTargetDependency */ = {
			isa = PBXTargetDependency;
			target = E9138630249B9CDB008764AA /* LPMusicKitDemo */;
			targetProxy = E9138658249B9CDC008764AA /* PBXContainerItemProxy */;
		};
/* End PBXTargetDependency section */

/* Begin PBXVariantGroup section */
		E913863D249B9CDB008764AA /* Main.storyboard */ = {
			isa = PBXVariantGroup;
			children = (
				E913863E249B9CDB008764AA /* Base */,
			);
			name = Main.storyboard;
			sourceTree = "<group>";
		};
		E9138642249B9CDC008764AA /* LaunchScreen.storyboard */ = {
			isa = PBXVariantGroup;
			children = (
				E9138643249B9CDC008764AA /* Base */,
			);
			name = LaunchScreen.storyboard;
			sourceTree = "<group>";
		};
/* End PBXVariantGroup section */

/* Begin XCBuildConfiguration section */
		E913865E249B9CDC008764AA /* Debug */ = {
			isa = XCBuildConfiguration;
			buildSettings = {
				ALWAYS_SEARCH_USER_PATHS = NO;
				CLANG_ANALYZER_NONNULL = YES;
				CLANG_ANALYZER_NUMBER_OBJECT_CONVERSION = YES_AGGRESSIVE;
				CLANG_CXX_LANGUAGE_STANDARD = "gnu++14";
				CLANG_CXX_LIBRARY = "libc++";
				CLANG_ENABLE_MODULES = YES;
				CLANG_ENABLE_OBJC_ARC = YES;
				CLANG_ENABLE_OBJC_WEAK = YES;
				CLANG_WARN_BLOCK_CAPTURE_AUTORELEASING = YES;
				CLANG_WARN_BOOL_CONVERSION = YES;
				CLANG_WARN_COMMA = YES;
				CLANG_WARN_CONSTANT_CONVERSION = YES;
				CLANG_WARN_DEPRECATED_OBJC_IMPLEMENTATIONS = YES;
				CLANG_WARN_DIRECT_OBJC_ISA_USAGE = YES_ERROR;
				CLANG_WARN_DOCUMENTATION_COMMENTS = YES;
				CLANG_WARN_EMPTY_BODY = YES;
				CLANG_WARN_ENUM_CONVERSION = YES;
				CLANG_WARN_INFINITE_RECURSION = YES;
				CLANG_WARN_INT_CONVERSION = YES;
				CLANG_WARN_NON_LITERAL_NULL_CONVERSION = YES;
				CLANG_WARN_OBJC_IMPLICIT_RETAIN_SELF = YES;
				CLANG_WARN_OBJC_LITERAL_CONVERSION = YES;
				CLANG_WARN_OBJC_ROOT_CLASS = YES_ERROR;
				CLANG_WARN_RANGE_LOOP_ANALYSIS = YES;
				CLANG_WARN_STRICT_PROTOTYPES = YES;
				CLANG_WARN_SUSPICIOUS_MOVE = YES;
				CLANG_WARN_UNGUARDED_AVAILABILITY = YES_AGGRESSIVE;
				CLANG_WARN_UNREACHABLE_CODE = YES;
				CLANG_WARN__DUPLICATE_METHOD_MATCH = YES;
				COPY_PHASE_STRIP = NO;
				DEBUG_INFORMATION_FORMAT = dwarf;
				ENABLE_STRICT_OBJC_MSGSEND = YES;
				ENABLE_TESTABILITY = YES;
				GCC_C_LANGUAGE_STANDARD = gnu11;
				GCC_DYNAMIC_NO_PIC = NO;
				GCC_NO_COMMON_BLOCKS = YES;
				GCC_OPTIMIZATION_LEVEL = 0;
				GCC_PREPROCESSOR_DEFINITIONS = (
					"DEBUG=1",
					"$(inherited)",
				);
				GCC_WARN_64_TO_32_BIT_CONVERSION = YES;
				GCC_WARN_ABOUT_RETURN_TYPE = YES_ERROR;
				GCC_WARN_UNDECLARED_SELECTOR = YES;
				GCC_WARN_UNINITIALIZED_AUTOS = YES_AGGRESSIVE;
				GCC_WARN_UNUSED_FUNCTION = YES;
				GCC_WARN_UNUSED_VARIABLE = YES;
				IPHONEOS_DEPLOYMENT_TARGET = 13.2;
				MTL_ENABLE_DEBUG_INFO = INCLUDE_SOURCE;
				MTL_FAST_MATH = YES;
				ONLY_ACTIVE_ARCH = YES;
				SDKROOT = iphoneos;
			};
			name = Debug;
		};
		E913865F249B9CDC008764AA /* Release */ = {
			isa = XCBuildConfiguration;
			buildSettings = {
				ALWAYS_SEARCH_USER_PATHS = NO;
				CLANG_ANALYZER_NONNULL = YES;
				CLANG_ANALYZER_NUMBER_OBJECT_CONVERSION = YES_AGGRESSIVE;
				CLANG_CXX_LANGUAGE_STANDARD = "gnu++14";
				CLANG_CXX_LIBRARY = "libc++";
				CLANG_ENABLE_MODULES = YES;
				CLANG_ENABLE_OBJC_ARC = YES;
				CLANG_ENABLE_OBJC_WEAK = YES;
				CLANG_WARN_BLOCK_CAPTURE_AUTORELEASING = YES;
				CLANG_WARN_BOOL_CONVERSION = YES;
				CLANG_WARN_COMMA = YES;
				CLANG_WARN_CONSTANT_CONVERSION = YES;
				CLANG_WARN_DEPRECATED_OBJC_IMPLEMENTATIONS = YES;
				CLANG_WARN_DIRECT_OBJC_ISA_USAGE = YES_ERROR;
				CLANG_WARN_DOCUMENTATION_COMMENTS = YES;
				CLANG_WARN_EMPTY_BODY = YES;
				CLANG_WARN_ENUM_CONVERSION = YES;
				CLANG_WARN_INFINITE_RECURSION = YES;
				CLANG_WARN_INT_CONVERSION = YES;
				CLANG_WARN_NON_LITERAL_NULL_CONVERSION = YES;
				CLANG_WARN_OBJC_IMPLICIT_RETAIN_SELF = YES;
				CLANG_WARN_OBJC_LITERAL_CONVERSION = YES;
				CLANG_WARN_OBJC_ROOT_CLASS = YES_ERROR;
				CLANG_WARN_RANGE_LOOP_ANALYSIS = YES;
				CLANG_WARN_STRICT_PROTOTYPES = YES;
				CLANG_WARN_SUSPICIOUS_MOVE = YES;
				CLANG_WARN_UNGUARDED_AVAILABILITY = YES_AGGRESSIVE;
				CLANG_WARN_UNREACHABLE_CODE = YES;
				CLANG_WARN__DUPLICATE_METHOD_MATCH = YES;
				COPY_PHASE_STRIP = NO;
				DEBUG_INFORMATION_FORMAT = "dwarf-with-dsym";
				ENABLE_NS_ASSERTIONS = NO;
				ENABLE_STRICT_OBJC_MSGSEND = YES;
				GCC_C_LANGUAGE_STANDARD = gnu11;
				GCC_NO_COMMON_BLOCKS = YES;
				GCC_WARN_64_TO_32_BIT_CONVERSION = YES;
				GCC_WARN_ABOUT_RETURN_TYPE = YES_ERROR;
				GCC_WARN_UNDECLARED_SELECTOR = YES;
				GCC_WARN_UNINITIALIZED_AUTOS = YES_AGGRESSIVE;
				GCC_WARN_UNUSED_FUNCTION = YES;
				GCC_WARN_UNUSED_VARIABLE = YES;
				IPHONEOS_DEPLOYMENT_TARGET = 13.2;
				MTL_ENABLE_DEBUG_INFO = NO;
				MTL_FAST_MATH = YES;
				SDKROOT = iphoneos;
				VALIDATE_PRODUCT = YES;
			};
			name = Release;
		};
		E9138661249B9CDC008764AA /* Debug */ = {
			isa = XCBuildConfiguration;
			baseConfigurationReference = 5E2301E069EE71F739F6F68C /* Pods-LPMusicKitDemo.debug.xcconfig */;
			buildSettings = {
				ASSETCATALOG_COMPILER_APPICON_NAME = AppIcon;
				CODE_SIGN_ENTITLEMENTS = LPMusicKitDemo/LPMusicKitDemo.entitlements;
				CODE_SIGN_STYLE = Automatic;
				DEVELOPMENT_TEAM = LA5SJ72NHG;
				GCC_PREFIX_HEADER = LPMusicKitDemo/LPMusicKitDemo.pch;
				INFOPLIST_FILE = LPMusicKitDemo/Info.plist;
				IPHONEOS_DEPLOYMENT_TARGET = 11.1;
				LD_RUNPATH_SEARCH_PATHS = (
					"$(inherited)",
					"@executable_path/Frameworks",
				);
				PRODUCT_BUNDLE_IDENTIFIER = com.lpmusickit.demo;
				PRODUCT_NAME = "$(TARGET_NAME)";
				TARGETED_DEVICE_FAMILY = "1,2";
			};
			name = Debug;
		};
		E9138662249B9CDC008764AA /* Release */ = {
			isa = XCBuildConfiguration;
			baseConfigurationReference = 84EC6FF688242BA6E7AA50AA /* Pods-LPMusicKitDemo.release.xcconfig */;
			buildSettings = {
				ASSETCATALOG_COMPILER_APPICON_NAME = AppIcon;
				CODE_SIGN_ENTITLEMENTS = LPMusicKitDemo/LPMusicKitDemo.entitlements;
				CODE_SIGN_STYLE = Automatic;
				DEVELOPMENT_TEAM = LA5SJ72NHG;
				GCC_PREFIX_HEADER = LPMusicKitDemo/LPMusicKitDemo.pch;
				INFOPLIST_FILE = LPMusicKitDemo/Info.plist;
				IPHONEOS_DEPLOYMENT_TARGET = 11.1;
				LD_RUNPATH_SEARCH_PATHS = (
					"$(inherited)",
					"@executable_path/Frameworks",
				);
				PRODUCT_BUNDLE_IDENTIFIER = com.lpmusickit.demo;
				PRODUCT_NAME = "$(TARGET_NAME)";
				TARGETED_DEVICE_FAMILY = "1,2";
			};
			name = Release;
		};
		E9138664249B9CDC008764AA /* Debug */ = {
			isa = XCBuildConfiguration;
			buildSettings = {
				BUNDLE_LOADER = "$(TEST_HOST)";
				CODE_SIGN_STYLE = Automatic;
				INFOPLIST_FILE = LPMusicKitDemoTests/Info.plist;
				IPHONEOS_DEPLOYMENT_TARGET = 13.2;
				LD_RUNPATH_SEARCH_PATHS = (
					"$(inherited)",
					"@executable_path/Frameworks",
					"@loader_path/Frameworks",
				);
				PRODUCT_BUNDLE_IDENTIFIER = SDK.LPMusicKitDemoTests;
				PRODUCT_NAME = "$(TARGET_NAME)";
				TARGETED_DEVICE_FAMILY = "1,2";
				TEST_HOST = "$(BUILT_PRODUCTS_DIR)/LPMusicKitDemo.app/LPMusicKitDemo";
			};
			name = Debug;
		};
		E9138665249B9CDC008764AA /* Release */ = {
			isa = XCBuildConfiguration;
			buildSettings = {
				BUNDLE_LOADER = "$(TEST_HOST)";
				CODE_SIGN_STYLE = Automatic;
				INFOPLIST_FILE = LPMusicKitDemoTests/Info.plist;
				IPHONEOS_DEPLOYMENT_TARGET = 13.2;
				LD_RUNPATH_SEARCH_PATHS = (
					"$(inherited)",
					"@executable_path/Frameworks",
					"@loader_path/Frameworks",
				);
				PRODUCT_BUNDLE_IDENTIFIER = SDK.LPMusicKitDemoTests;
				PRODUCT_NAME = "$(TARGET_NAME)";
				TARGETED_DEVICE_FAMILY = "1,2";
				TEST_HOST = "$(BUILT_PRODUCTS_DIR)/LPMusicKitDemo.app/LPMusicKitDemo";
			};
			name = Release;
		};
		E9138667249B9CDC008764AA /* Debug */ = {
			isa = XCBuildConfiguration;
			buildSettings = {
				CODE_SIGN_STYLE = Automatic;
				INFOPLIST_FILE = LPMusicKitDemoUITests/Info.plist;
				LD_RUNPATH_SEARCH_PATHS = (
					"$(inherited)",
					"@executable_path/Frameworks",
					"@loader_path/Frameworks",
				);
				PRODUCT_BUNDLE_IDENTIFIER = SDK.LPMusicKitDemoUITests;
				PRODUCT_NAME = "$(TARGET_NAME)";
				TARGETED_DEVICE_FAMILY = "1,2";
				TEST_TARGET_NAME = LPMusicKitDemo;
			};
			name = Debug;
		};
		E9138668249B9CDC008764AA /* Release */ = {
			isa = XCBuildConfiguration;
			buildSettings = {
				CODE_SIGN_STYLE = Automatic;
				INFOPLIST_FILE = LPMusicKitDemoUITests/Info.plist;
				LD_RUNPATH_SEARCH_PATHS = (
					"$(inherited)",
					"@executable_path/Frameworks",
					"@loader_path/Frameworks",
				);
				PRODUCT_BUNDLE_IDENTIFIER = SDK.LPMusicKitDemoUITests;
				PRODUCT_NAME = "$(TARGET_NAME)";
				TARGETED_DEVICE_FAMILY = "1,2";
				TEST_TARGET_NAME = LPMusicKitDemo;
			};
			name = Release;
		};
/* End XCBuildConfiguration section */

/* Begin XCConfigurationList section */
		E913862C249B9CDB008764AA /* Build configuration list for PBXProject "LPMusicKitDemo" */ = {
			isa = XCConfigurationList;
			buildConfigurations = (
				E913865E249B9CDC008764AA /* Debug */,
				E913865F249B9CDC008764AA /* Release */,
			);
			defaultConfigurationIsVisible = 0;
			defaultConfigurationName = Release;
		};
		E9138660249B9CDC008764AA /* Build configuration list for PBXNativeTarget "LPMusicKitDemo" */ = {
			isa = XCConfigurationList;
			buildConfigurations = (
				E9138661249B9CDC008764AA /* Debug */,
				E9138662249B9CDC008764AA /* Release */,
			);
			defaultConfigurationIsVisible = 0;
			defaultConfigurationName = Release;
		};
		E9138663249B9CDC008764AA /* Build configuration list for PBXNativeTarget "LPMusicKitDemoTests" */ = {
			isa = XCConfigurationList;
			buildConfigurations = (
				E9138664249B9CDC008764AA /* Debug */,
				E9138665249B9CDC008764AA /* Release */,
			);
			defaultConfigurationIsVisible = 0;
			defaultConfigurationName = Release;
		};
		E9138666249B9CDC008764AA /* Build configuration list for PBXNativeTarget "LPMusicKitDemoUITests" */ = {
			isa = XCConfigurationList;
			buildConfigurations = (
				E9138667249B9CDC008764AA /* Debug */,
				E9138668249B9CDC008764AA /* Release */,
			);
			defaultConfigurationIsVisible = 0;
			defaultConfigurationName = Release;
		};
/* End XCConfigurationList section */
	};
	rootObject = E9138629249B9CDB008764AA /* Project object */;
}
